{
  "name": "ias-uch-vnii",
  "version": "1.0.0",
  "lockfileVersion": 3,
  "requires": true,
  "packages": {
    "": {
      "name": "ias-uch-vnii",
      "version": "1.0.0",
      "license": "ISC",
      "dependencies": {
        "ag-grid-community": "^34.3.1"
      },
      "devDependencies": {}
    },
    "node_modules/ag-charts-types": {
      "version": "12.3.1",
      "resolved": "https://registry.npmjs.org/ag-charts-types/-/ag-charts-types-12.3.1.tgz",
      "integrity": "sha512-5216xYoawnvMXDFI6kTpPku+mH0Csiwu/FE7lsAm8Z22HEN6ciSG/V7g+IrpLWncELqksgENebCTP75PZ3CsHA=="
    },
    "node_modules/ag-grid-community": {
      "version": "34.3.1",
      "resolved": "https://registry.npmjs.org/ag-grid-community/-/ag-grid-community-34.3.1.tgz",
      "integrity": "sha512-PwlrPudsFOzGumphi2y9ihWeaUlIwKhOra/MXu2LjeV2U8DgLLcYS8CartE5Hszhn1poJHawwI9HWrxlKliwdw==",
      "dependencies": {
        "ag-charts-types": "12.3.1"
      }
    }
  }
}
